{
  "version": "4.0",
  "file_count": 86,
  "files": {
    "AGENTS.md": "bb7c57114a954b77bd2bfa0221127c0c3c363c82ad9ada8f3c3a0fb2bfc70a40",
    "CHANGELOG.md": "685429e1fe6ff2e545c3ffeddcfaf98a053c95d5d354131176c559d514d1097b",
    "CONTRIBUTORS.md": "3de82c21de3e4a3c15d50a19ff1fe2214236644e969d0bdf51747bd5b09b46c7",
    "DEPLOY.md": "ab663af41e530f7a3cc87903c88c2bece238135084ff1e54396a19e52f429df4",
    "HEARTBEAT.md": "6f81e227c1a076af67f0be4506b9468d3f011614dd0258f5d5def8d83a95c9d2",
    "IDENTITY.md": "6bd119593c8bb367bb30363295cdfb2fd5527afc8c64bd970bfa248fda625ccd",
    "INDEX.md": "d6da2f6fbf200e5b24f55b5139a7bbd357a933a3034f8ae37b329d4c0ec5c027",
    "MEMORY.md": "7af5d10aee016a19a41c1a9c244a3a66478458ed1bf5c8f87b1b4effa111082e",
    "README.md": "8faf7f874aefd5681918d9697cdee9c5d71a55346f04171d55260f3de1871243",
    "SOUL.md": "a63eb2eea477664f476bb481d80787c9e093bc6a7c69626229d958678a9d4d43",
    "TIME.md": "4d21265a0b483629e2390ae72995eca100401b46bbab26f661f4e26312a772ea",
    "TOOLS.md": "a8788e9b56e7eec61db9b19b55d3da103e5991bbd13b375e4c472d62af4089ea",
    "USER.md": "f1be21fac97929c41aaf9a3717217b0ee658d5a8c65fd41e769f6664262a144a",
    "panduan.md": "1d2c9b36c77e06ce5184118aecfd270d1417b41e6ecd52e67e45726ed92b75d6",
    "skills/hermes/DISPATCH.md": "2e8f68176a1878109a23953587cf2f9ef537d2d5468c509f5647d1fa683d8ae1",
    "skills/hermes/README.md": "f7a7cfe53a405f29e66021bd5a4b8f66ba01cc68b00654f7fceb2c35a3f3d139",
    "skills/hermes/SKILL.md": "8035c03761bcf97a0d9ddd5bee7022711f99153a525a4ebf008df9935518977d",
    "skills/hermes/references/airdrop_automation.md": "0382cfa2671189447f5b28e886e377dc9e1adc6180402ca3ba9f998f6b44f1fb",
    "skills/hermes/references/bridge.md": "938d18c73babf02b9a2672130a91e57de4fa4c47a9180ef869f41b2752c72e73",
    "skills/hermes/references/browser.md": "d60c100cd772f009573d98bfd29e851d9684c42a34c93ba1b73f9507b6864006",
    "skills/hermes/references/contract_read.md": "ecc1f6df93c3bff188030860b7810ddc09846bb2477cfb5586d2a208e697332f",
    "skills/hermes/references/contract_write.md": "f54b16de8ca5cded9ccac4fa6ac010fa912cd167ce247028ee945b8840e92a8a",
    "skills/hermes/references/defi.md": "d3ecdbb16adf5af7f91a9ad1809e6f5fd34e7af7b12924ce9781b1f74c5512f8",
    "skills/hermes/references/deploy.md": "ac2c49b3a1200fa1e438d699f05aca7699b999b9be333174328f45ae5a65474e",
    "skills/hermes/references/governor.md": "ffd9f713223174d1c271e8607af4854b888530cb5455886644f5b727e25b7aef",
    "skills/hermes/references/monitoring.md": "763816c46e31116d00b24586e25dd4d7c6b5aa1fab6909b086ba55d7aae3dd1b",
    "skills/hermes/references/nft.md": "f5674e8a481a716315cf41c292c5ff041306cc412180e30940dd7d004f4d003a",
    "skills/hermes/references/security.md": "fa0e06bb0009985501b61dbfd90a3ded1897f3a40f2f85210694b088de601fe1",
    "skills/hermes/references/sniping.md": "68c298e03df548dadf15b1505c09940baa18d005a8637251b39ccc7427e10e34",
    "skills/hermes/references/swap.md": "6f20e838141cee1b2baec87dcfd22fc2ffc45e9609e7121868ed740041f22890",
    "skills/hermes/references/wallets.md": "ef3935897e124b99c769186965be50709f243389b6488303e1cb05b93663f544",
    "skills/hermes/references/web3_connect.md": "0e788b39611c84c6c917ea4a1e23dbbc4e1b2fb22ab71f4be31a59d650dafcae",
    "skills/hermes/scripts/airdrop_runner.py": "5699faf390912015efcdf291cbd6aa6d9af46844f4a637d6847020645e094832",
    "skills/hermes/scripts/bridge_engine.py": "fc9c5159e4bd625a4354052798a3500840337c6c4e6f0d733595f6ff02e159ee",
    "skills/hermes/scripts/browser_engine.py": "ccd20a4ba97f646101daaa45e238a0a998638212717d467d55029de49c1ea000",
    "skills/hermes/scripts/contract_reader.py": "b195eb4d8ccf646b4ac70d69f8a8192fe99c0915775aedc33bc47d526d9fbbd0",
    "skills/hermes/scripts/contract_writer.py": "1ffd21ed5643a2e3b045cee83bb35920003478f594faf54472282d8b1c367235",
    "skills/hermes/scripts/deploy_engine.py": "94ad0184a5b781bfe7424072c686732cb83c23336fb3fb941c9fb26c626fb21f",
    "skills/hermes/scripts/governor.py": "4e737ef7971dba5d483c5a1c962c4b4293da8bc10c86898ba28bea78891d3860",
    "skills/hermes/scripts/mev.py": "53f1aa3b8a17756989c1ba1e91b07bbaac6f3f4122a53bd70fee87aec0bea72f",
    "skills/hermes/scripts/monitoring.py": "400ee24b3e294b15323ea314cec3ffdd6c8a85f058f8772806b74ca0d968f1bb",
    "skills/hermes/scripts/monitoring_advanced.py": "7c4098f7ed7da6f0ca69d70abaa67ddbf8a53dbea7a4461eb24694d28916cab6",
    "skills/hermes/scripts/nft_engine.py": "60d798e1bedf904c6add6367fe182289169371b1d3420bb335c84771b95e5a87",
    "skills/hermes/scripts/swap_engine.py": "aba2b5e29ce6479afab5425743037edd691bfc0af00a8053a876ed49a2315769",
    "skills/hermes/scripts/wallet_manager.py": "d0f271336dd73f7c1fef38085d8f3f7f488af756ac56fde79f4a287589aa14f8",
    "skills/hermes/scripts/web3_connect.py": "99ec8bbe385b7b989b1a7b3b889f78f876e7f06cedf8fe8e2f807181e778a7ec",
    "skills/m0.md": "2df84c28c4b376f2ffc92b7a151a5905eb68339f32d031f2077cb62926d7bca1",
    "skills/m1.md": "6c0985b49f3622d2da79d55e8b5f094799f14bf6842e23a7e5fa22b64cdcfc33",
    "skills/m10.md": "c4e98187436973d823ab30dc823cba82702a0991d336d5ef2d20e28426fc5b51",
    "skills/m11.md": "2eed72b7fec866d3ab3ae11bd31514a29ec61255e8fd0f86fd8db03e42ec0fc2",
    "skills/m12.md": "10f6c6afd915cd1c44f5f9828019a0d199f4f85c09187e9d07b900f173412604",
    "skills/m13.md": "bc5c6fab2fb557f3bf841ec551c9813b96fdfcc028a2abec7eb452b6abddc7a8",
    "skills/m14.md": "70f9b50244affae3b2923ceea37cac6a42aee70964837c32100a0dca3c8610f8",
    "skills/m15.md": "cb8755cdf749824ae76e585e94c4744ddede236e22fa5414302a2524774c8b1c",
    "skills/m16.md": "17354c592683f973083ba82a193d9122c9e8f8bea44f74e4828c36da53158526",
    "skills/m17.md": "8b770b59cfaaab33f9191e4b68dbeb06884702c016ebbce81b1d2a758a4c46d8",
    "skills/m2.md": "67cea9eebdfee5d6d83bd24708d941eb75c77ac0d163973ab0c759511b9f12aa",
    "skills/m3.md": "11ca0c24b660c2cd1e0c735f1a167eff4f4c2313ad4446e296ed5fb146af4c03",
    "skills/m4.md": "20190cbe7506efceb1d65b3aa1d40455a24ec10c052fd0fa2a01382213e739c7",
    "skills/m5.md": "604d7d848207bc7f3e5ca0b0ddd32f4181f3c74038e60fe605ce23dc2c40e723",
    "skills/m6.md": "a7806414d9f94e583f0dee3b2becf18ba8597d666bca3ac980dc07bafa843fa0",
    "skills/m7.md": "fbbc06f4f7181b46ca2f78cb2547ee70c28c15c94039ff077b022182a31fb4fe",
    "skills/m8.md": "6b48ec6e419f1a3f6255ed9ba64bcc655844468fc969d746c707b1fa56ae348d",
    "skills/m9.md": "4e8b072b74431372b795edad1c01fa9273b128d4a0f9d650ed1322ed39f821a0",
    "skills/x1.md": "ed180036cc17633fad7973db03875a1124097c73e7e509fc775a1e413af297aa",
    "skills/x2.md": "bbabcb700aec8cf4d6aaacea30f1c7245b334b1ff5d7709bb63236362ba457a6",
    "skills/x3.md": "487be2f2fcfbbc38daf8b6db056c06459cb5ec8537ae6084580df91ab6ef4bc7",
    "skills/x4.md": "c2b6479607a029aac2a64bf71f62fb17eb6f1cc9f744cf2494e36e07e0ff9748",
    "tools/alerts.py": "ff004888c17c8e9d895fa1abb8ef124f92b7509773ca2c4bc0eb3da76211c485",
    "tools/automation.py": "631c5cbc7a198072c18f11721fea20f3f77eeb43637d2c082df16da093d74ff3",
    "tools/backtest.py": "041860d5718765fb3a60ea16b8ffc41a676bb11d48524cd0336554e1f52de32c",
    "tools/briefing.py": "f6e51eb0f5afdecc2b71a8716abe784b26d99b71050ebdd0191989b6674b8f4b",
    "tools/dashboard.py": "eb70abc657a0122c976e92640eda1338dd49b24612256fbf77d25d489545c703",
    "tools/explain.py": "f07554882c5671ec6ae4839931f0524b700517cba7a11aba0150862b5b891203",
    "tools/memory_engine.py": "30ca15fa8783df2b64c4b5edffb18e2dbc093496a44357db25329a94f5acc84c",
    "tools/model_registry.py": "46f013b718f7fc174b188e67cf8746e872ee343441a673523da1a855e1145063",
    "tools/multimodal.py": "27150937dcd8d1d9a237403f8c65a613d6fc391b7e1f5cdac75aaf861558a016",
    "tools/planner.py": "7e444aee318731fab7e5ceea22d03a208d0127b2629f8f53175da1e09e439180",
    "tools/reflection.py": "e4e8a9552ddba9e9d39ac461bd77e52564a6d0ee5e18069331aff044e718d0ce",
    "tools/skill_forge.py": "1641caa38ada53e55050d055c8d0f2c4b9c1b2a23ff98af490bc726638229d0c",
    "tools/skill_integrity.py": "1c2c4f186cad60b7555e7f8a2d0d55d1116444cd93662ec1d1cb39e813412b4a",
    "tools/swarm.py": "552122b34f6fe1456a3134e89428f9228f53a2948aa695702d5262d737a74b4f",
    "tools/triage.py": "6d8c4d5f8575acbe8698235a4e921709697fc1feba3566a2c7b70c3847626fba",
    "tools/vault.py": "86e589af9004a1f06e7ffd02d57dcf7751091ed910f177cbe7f70b55bb62c1a5",
    "tools/voice.py": "f6f483f85cdc3ee255cdd73cb74719d3758d5e813c2e264a3ca1c27c7d84ff89",
    "tools/watchdog.py": "fc5a07bf33d39b967f3f08ad608ac1cfb0e77f7788ef28bfec4523072da9d657"
  },
  "manifest_sha256": "0138c3f5366354bccd589a2a1992a31011de6edca8aefac60d0fcd18a2eff2a2"
}
